
Microsoft Visual Studio Solution File, Format Version 12.00
# Visual Studio Version 16
VisualStudioVersion = 16.0.31410.357
MinimumVisualStudioVersion = 10.0.40219.1
Project("{FAE04EC0-301F-11D3-BF4B-00C04F79EFBC}") = "ProductSearch", "ProductSearch\ProductSearch.csproj", "{9393AF63-8903-4F90-B37E-82CD0D293C60}"
EndProject
Global
	GlobalSection(SolutionConfigurationPlatforms) = preSolution
		Debug|Any CPU = Debug|Any CPU
		Release|Any CPU = Release|Any CPU
	EndGlobalSection
	GlobalSection(ProjectConfigurationPlatforms) = postSolution
		{9393AF63-8903-4F90-B37E-82CD0D293C60}.Debug|Any CPU.ActiveCfg = Debug|Any CPU
		{9393AF63-8903-4F90-B37E-82CD0D293C60}.Debug|Any CPU.Build.0 = Debug|Any CPU
		{9393AF63-8903-4F90-B37E-82CD0D293C60}.Release|Any CPU.ActiveCfg = Release|Any CPU
		{9393AF63-8903-4F90-B37E-82CD0D293C60}.Release|Any CPU.Build.0 = Release|Any CPU
	EndGlobalSection
	GlobalSection(SolutionProperties) = preSolution
		HideSolutionNode = FALSE
	EndGlobalSection
	GlobalSection(ExtensibilityGlobals) = postSolution
		SolutionGuid = {D0DFDE02-688D-4579-9507-5F2684F62BEB}
	EndGlobalSection
EndGlobal
